// !$*UTF8*$!
{
	archiveVersion = 1;
	classes = {
	};
	objectVersion = 48;
	objects = {

/* Begin PBXBuildFile section */
		AB6D7486204DFF8C002B5BD4 /* AppDelegate.swift in Sources */ = {isa = PBXBuildFile; fileRef = AB6D7485204DFF8C002B5BD4 /* AppDelegate.swift */; };
		AB6D7488204DFF8D002B5BD4 /* ViewController.swift in Sources */ = {isa = PBXBuildFile; fileRef = AB6D7487204DFF8C002B5BD4 /* ViewController.swift */; };
		AB6D748B204DFF8D002B5BD4 /* Main.storyboard in Resources */ = {isa = PBXBuildFile; fileRef = AB6D7489204DFF8D002B5BD4 /* Main.storyboard */; };
		AB6D748D204DFF8D002B5BD4 /* Assets.xcassets in Resources */ = {isa = PBXBuildFile; fileRef = AB6D748C204DFF8D002B5BD4 /* Assets.xcassets */; };
		AB6D7490204DFF8D002B5BD4 /* LaunchScreen.storyboard in Resources */ = {isa = PBXBuildFile; fileRef = AB6D748E204DFF8D002B5BD4 /* LaunchScreen.storyboard */; };
/* End PBXBuildFile section */

/* Begin PBXFileReference section */
		AB6D7482204DFF8C002B5BD4 /* FaceIDSample.app */ = {isa = PBXFileReference; explicitFileType = wrapper.application; includeInIndex = 0; path = FaceIDSample.app; sourceTree = BUILT_PRODUCTS_DIR; };
		AB6D7485204DFF8C002B5BD4 /* AppDelegate.swift */ = {isa = PBXFileReference; lastKnownFileType = sourcecode.swift; path = AppDelegate.swift; sourceTree = "<group>"; };
		AB6D7487204DFF8C002B5BD4 /* ViewController.swift */ = {isa = PBXFileReference; lastKnownFileType = sourcecode.swift; path = ViewController.swift; sourceTree = "<group>"; };
		AB6D748A204DFF8D002B5BD4 /* Base */ = {isa = PBXFileReference; lastKnownFileType = file.storyboard; name = Base; path = Base.lproj/Main.storyboard; sourceTree = "<group>"; };
		AB6D748C204DFF8D002B5BD4 /* Assets.xcassets */ = {isa = PBXFileReference; lastKnownFileType = folder.assetcatalog; path = Assets.xcassets; sourceTree = "<group>"; };
		AB6D748F204DFF8D002B5BD4 /* Base */ = {isa = PBXFileReference; lastKnownFileType = file.storyboard; name = Base; path = Base.lproj/LaunchScreen.storyboard; sourceTree = "<group>"; };
		AB6D7491204DFF8D002B5BD4 /* Info.plist */ = {isa = PBXFileReference; lastKnownFileType = text.plist.xml; path = Info.plist; sourceTree = "<group>"; };
/* End PBXFileReference section */

/* Begin PBXFrameworksBuildPhase section */
		AB6D747F204DFF8C002B5BD4 /* Frameworks */ = {
			isa = PBXFrameworksBuildPhase;
			buildActionMask = 2147483647;
			files = (
			);
			runOnlyForDeploymentPostprocessing = 0;
		};
/* End PBXFrameworksBuildPhase section */

/* Begin PBXGroup section */
		AB6D7479204DFF8C002B5BD4 = {
			isa = PBXGroup;
			children = (
				AB6D7484204DFF8C002B5BD4 /* FaceIDSample */,
				AB6D7483204DFF8C002B5BD4 /* Products */,
			);
			sourceTree = "<group>";
		};
		AB6D7483204DFF8C002B5BD4 /* Products */ = {
			isa = PBXGroup;
			children = (
				AB6D7482204DFF8C002B5BD4 /* FaceIDSample.app */,
			);
			name = Products;
			sourceTree = "<group>";
		};
		AB6D7484204DFF8C002B5BD4 /* FaceIDSample */ = {
			isa = PBXGroup;
			children = (
				AB6D7485204DFF8C002B5BD4 /* AppDelegate.swift */,
				AB6D7487204DFF8C002B5BD4 /* ViewController.swift */,
				AB6D7489204DFF8D002B5BD4 /* Main.storyboard */,
				AB6D748C204DFF8D002B5BD4 /* Assets.xcassets */,
				AB6D748E204DFF8D002B5BD4 /* LaunchScreen.storyboard */,
				AB6D7491204DFF8D002B5BD4 /* Info.plist */,
			);
			path = FaceIDSample;
			sourceTree = "<group>";
		};
/* End PBXGroup section */

/* Begin PBXNativeTarget section */
		AB6D7481204DFF8C002B5BD4 /* FaceIDSample */ = {
			isa = PBXNativeTarget;
			buildConfigurationList = AB6D7494204DFF8D002B5BD4 /* Build configuration list for PBXNativeTarget "FaceIDSample" */;
			buildPhases = (
				AB6D747E204DFF8C002B5BD4 /* Sources */,
				AB6D747F204DFF8C002B5BD4 /* Frameworks */,
				AB6D7480204DFF8C002B5BD4 /* Resources */,
			);
			buildRules = (
			);
			dependencies = (
			);
			name = FaceIDSample;
			productName = FaceIDSample;
			productReference = AB6D7482204DFF8C002B5BD4 /* FaceIDSample.app */;
			productType = "com.apple.product-type.application";
		};
/* End PBXNativeTarget section */

/* Begin PBXProject section */
		AB6D747A204DFF8C002B5BD4 /* Project object */ = {
			isa = PBXProject;
			attributes = {
				LastSwiftUpdateCheck = 0920;
				LastUpgradeCheck = 0920;
				ORGANIZATIONNAME = "Apex Capital Corp";
				TargetAttributes = {
					AB6D7481204DFF8C002B5BD4 = {
						CreatedOnToolsVersion = 9.2;
						ProvisioningStyle = Automatic;
					};
				};
			};
			buildConfigurationList = AB6D747D204DFF8C002B5BD4 /* Build configuration list for PBXProject "FaceIDSample" */;
			compatibilityVersion = "Xcode 8.0";
			developmentRegion = en;
			hasScannedForEncodings = 0;
			knownRegions = (
				en,
				Base,
			);
			mainGroup = AB6D7479204DFF8C002B5BD4;
			productRefGroup = AB6D7483204DFF8C002B5BD4 /* Products */;
			projectDirPath = "";
			projectRoot = "";
			targets = (
				AB6D7481204DFF8C002B5BD4 /* FaceIDSample */,
			);
		};
/* End PBXProject section */

/* Begin PBXResourcesBuildPhase section */
		AB6D7480204DFF8C002B5BD4 /* Resources */ = {
			isa = PBXResourcesBuildPhase;
			buildActionMask = 2147483647;
			files = (
				AB6D7490204DFF8D002B5BD4 /* LaunchScreen.storyboard in Resources */,
				AB6D748D204DFF8D002B5BD4 /* Assets.xcassets in Resources */,
				AB6D748B204DFF8D002B5BD4 /* Main.storyboard in Resources */,
			);
			runOnlyForDeploymentPostprocessing = 0;
		};
/* End PBXResourcesBuildPhase section */

/* Begin PBXSourcesBuildPhase section */
		AB6D747E204DFF8C002B5BD4 /* Sources */ = {
			isa = PBXSourcesBuildPhase;
			buildActionMask = 2147483647;
			files = (
				AB6D7488204DFF8D002B5BD4 /* ViewController.swift in Sources */,
				AB6D7486204DFF8C002B5BD4 /* AppDelegate.swift in Sources */,
			);
			runOnlyForDeploymentPostprocessing = 0;
		};
/* End PBXSourcesBuildPhase section */

/* Begin PBXVariantGroup section */
		AB6D7489204DFF8D002B5BD4 /* Main.storyboard */ = {
			isa = PBXVariantGroup;
			children = (
				AB6D748A204DFF8D002B5BD4 /* Base */,
			);
			name = Main.storyboard;
			sourceTree = "<group>";
		};
		AB6D748E204DFF8D002B5BD4 /* LaunchScreen.storyboard */ = {
			isa = PBXVariantGroup;
			children = (
				AB6D748F204DFF8D002B5BD4 /* Base */,
			);
			name = LaunchScreen.storyboard;
			sourceTree = "<group>";
		};
/* End PBXVariantGroup section */

/* Begin XCBuildConfiguration section */
		AB6D7492204DFF8D002B5BD4 /* Debug */ = {
			isa = XCBuildConfiguration;
			buildSettings = {
				ALWAYS_SEARCH_USER_PATHS = NO;
				CLANG_ANALYZER_NONNULL = YES;
				CLANG_ANALYZER_NUMBER_OBJECT_CONVERSION = YES_AGGRESSIVE;
				CLANG_CXX_LANGUAGE_STANDARD = "gnu++14";
				CLANG_CXX_LIBRARY = "libc++";
				CLANG_ENABLE_MODULES = YES;
				CLANG_ENABLE_OBJC_ARC = YES;
				CLANG_WARN_BLOCK_CAPTURE_AUTORELEASING = YES;
				CLANG_WARN_BOOL_CONVERSION = YES;
				CLANG_WARN_COMMA = YES;
				CLANG_WARN_CONSTANT_CONVERSION = YES;
				CLANG_WARN_DIRECT_OBJC_ISA_USAGE = YES_ERROR;
				CLANG_WARN_DOCUMENTATION_COMMENTS = YES;
				CLANG_WARN_EMPTY_BODY = YES;
				CLANG_WARN_ENUM_CONVERSION = YES;
				CLANG_WARN_INFINITE_RECURSION = YES;
				CLANG_WARN_INT_CONVERSION = YES;
				CLANG_WARN_NON_LITERAL_NULL_CONVERSION = YES;
				CLANG_WARN_OBJC_LITERAL_CONVERSION = YES;
				CLANG_WARN_OBJC_ROOT_CLASS = YES_ERROR;
				CLANG_WARN_RANGE_LOOP_ANALYSIS = YES;
				CLANG_WARN_STRICT_PROTOTYPES = YES;
				CLANG_WARN_SUSPICIOUS_MOVE = YES;
				CLANG_WARN_UNGUARDED_AVAILABILITY = YES_AGGRESSIVE;
				CLANG_WARN_UNREACHABLE_CODE = YES;
				CLANG_WARN__DUPLICATE_METHOD_MATCH = YES;
				CODE_SIGN_IDENTITY = "iPhone Developer";
				COPY_PHASE_STRIP = NO;
				DEBUG_INFORMATION_FORMAT = dwarf;
				ENABLE_STRICT_OBJC_MSGSEND = YES;
				ENABLE_TESTABILITY = YES;
				GCC_C_LANGUAGE_STANDARD = gnu11;
				GCC_DYNAMIC_NO_PIC = NO;
				GCC_NO_COMMON_BLOCKS = YES;
				GCC_OPTIMIZATION_LEVEL = 0;
				GCC_PREPROCESSOR_DEFINITIONS = (
					"DEBUG=1",
					"$(inherited)",
				);
				GCC_WARN_64_TO_32_BIT_CONVERSION = YES;
				GCC_WARN_ABOUT_RETURN_TYPE = YES_ERROR;
				GCC_WARN_UNDECLARED_SELECTOR = YES;
				GCC_WARN_UNINITIALIZED_AUTOS = YES_AGGRESSIVE;
				GCC_WARN_UNUSED_FUNCTION = YES;
				GCC_WARN_UNUSED_VARIABLE = YES;
				IPHONEOS_DEPLOYMENT_TARGET = 11.2;
				MTL_ENABLE_DEBUG_INFO = YES;
				ONLY_ACTIVE_ARCH = YES;
				SDKROOT = iphoneos;
				SWIFT_ACTIVE_COMPILATION_CONDITIONS = DEBUG;
				SWIFT_OPTIMIZATION_LEVEL = "-Onone";
			};
			name = Debug;
		};
		AB6D7493204DFF8D002B5BD4 /* Release */ = {
			isa = XCBuildConfiguration;
			buildSettings = {
				ALWAYS_SEARCH_USER_PATHS = NO;
				CLANG_ANALYZER_NONNULL = YES;
				CLANG_ANALYZER_NUMBER_OBJECT_CONVERSION = YES_AGGRESSIVE;
				CLANG_CXX_LANGUAGE_STANDARD = "gnu++14";
				CLANG_CXX_LIBRARY = "libc++";
				CLANG_ENABLE_MODULES = YES;
				CLANG_ENABLE_OBJC_ARC = YES;
				CLANG_WARN_BLOCK_CAPTURE_AUTORELEASING = YES;
				CLANG_WARN_BOOL_CONVERSION = YES;
				CLANG_WARN_COMMA = YES;
				CLANG_WARN_CONSTANT_CONVERSION = YES;
				CLANG_WARN_DIRECT_OBJC_ISA_USAGE = YES_ERROR;
				CLANG_WARN_DOCUMENTATION_COMMENTS = YES;
				CLANG_WARN_EMPTY_BODY = YES;
				CLANG_WARN_ENUM_CONVERSION = YES;
				CLANG_WARN_INFINITE_RECURSION = YES;
				CLANG_WARN_INT_CONVERSION = YES;
				CLANG_WARN_NON_LITERAL_NULL_CONVERSION = YES;
				CLANG_WARN_OBJC_LITERAL_CONVERSION = YES;
				CLANG_WARN_OBJC_ROOT_CLASS = YES_ERROR;
				CLANG_WARN_RANGE_LOOP_ANALYSIS = YES;
				CLANG_WARN_STRICT_PROTOTYPES = YES;
				CLANG_WARN_SUSPICIOUS_MOVE = YES;
				CLANG_WARN_UNGUARDED_AVAILABILITY = YES_AGGRESSIVE;
				CLANG_WARN_UNREACHABLE_CODE = YES;
				CLANG_WARN__DUPLICATE_METHOD_MATCH = YES;
				CODE_SIGN_IDENTITY = "iPhone Developer";
				COPY_PHASE_STRIP = NO;
				DEBUG_INFORMATION_FORMAT = "dwarf-with-dsym";
				ENABLE_NS_ASSERTIONS = NO;
				ENABLE_STRICT_OBJC_MSGSEND = YES;
				GCC_C_LANGUAGE_STANDARD = gnu11;
				GCC_NO_COMMON_BLOCKS = YES;
				GCC_WARN_64_TO_32_BIT_CONVERSION = YES;
				GCC_WARN_ABOUT_RETURN_TYPE = YES_ERROR;
				GCC_WARN_UNDECLARED_SELECTOR = YES;
				GCC_WARN_UNINITIALIZED_AUTOS = YES_AGGRESSIVE;
				GCC_WARN_UNUSED_FUNCTION = YES;
				GCC_WARN_UNUSED_VARIABLE = YES;
				IPHONEOS_DEPLOYMENT_TARGET = 11.2;
				MTL_ENABLE_DEBUG_INFO = NO;
				SDKROOT = iphoneos;
				SWIFT_OPTIMIZATION_LEVEL = "-Owholemodule";
				VALIDATE_PRODUCT = YES;
			};
			name = Release;
		};
		AB6D7495204DFF8D002B5BD4 /* Debug */ = {
			isa = XCBuildConfiguration;
			buildSettings = {
				ASSETCATALOG_COMPILER_APPICON_NAME = AppIcon;
				CODE_SIGN_STYLE = Automatic;
				INFOPLIST_FILE = FaceIDSample/Info.plist;
				LD_RUNPATH_SEARCH_PATHS = "$(inherited) @executable_path/Frameworks";
				PRODUCT_BUNDLE_IDENTIFIER = com.apexcapitalcorp.FaceIDSample;
				PRODUCT_NAME = "$(TARGET_NAME)";
				SWIFT_VERSION = 4.0;
				TARGETED_DEVICE_FAMILY = "1,2";
			};
			name = Debug;
		};
		AB6D7496204DFF8D002B5BD4 /* Release */ = {
			isa = XCBuildConfiguration;
			buildSettings = {
				ASSETCATALOG_COMPILER_APPICON_NAME = AppIcon;
				CODE_SIGN_STYLE = Automatic;
				INFOPLIST_FILE = FaceIDSample/Info.plist;
				LD_RUNPATH_SEARCH_PATHS = "$(inherited) @executable_path/Frameworks";
				PRODUCT_BUNDLE_IDENTIFIER = com.apexcapitalcorp.FaceIDSample;
				PRODUCT_NAME = "$(TARGET_NAME)";
				SWIFT_VERSION = 4.0;
				TARGETED_DEVICE_FAMILY = "1,2";
			};
			name = Release;
		};
/* End XCBuildConfiguration section */

/* Begin XCConfigurationList section */
		AB6D747D204DFF8C002B5BD4 /* Build configuration list for PBXProject "FaceIDSample" */ = {
			isa = XCConfigurationList;
			buildConfigurations = (
				AB6D7492204DFF8D002B5BD4 /* Debug */,
				AB6D7493204DFF8D002B5BD4 /* Release */,
			);
			defaultConfigurationIsVisible = 0;
			defaultConfigurationName = Release;
		};
		AB6D7494204DFF8D002B5BD4 /* Build configuration list for PBXNativeTarget "FaceIDSample" */ = {
			isa = XCConfigurationList;
			buildConfigurations = (
				AB6D7495204DFF8D002B5BD4 /* Debug */,
				AB6D7496204DFF8D002B5BD4 /* Release */,
			);
			defaultConfigurationIsVisible = 0;
			defaultConfigurationName = Release;
		};
/* End XCConfigurationList section */
	};
	rootObject = AB6D747A204DFF8C002B5BD4 /* Project object */;
}
